
Microsoft Visual Studio Solution File, Format Version 12.00
# Visual Studio Version 17
VisualStudioVersion = 17.1.32319.34
MinimumVisualStudioVersion = 10.0.40219.1
Project("{FAE04EC0-301F-11D3-BF4B-00C04F79EFBC}") = "TPLaba6", "TPLaba6.csproj", "{7351EC4E-2151-4BD4-B60C-9FE0EF3B4027}"
EndProject
Global
	GlobalSection(SolutionConfigurationPlatforms) = preSolution
		Debug|Any CPU = Debug|Any CPU
		Release|Any CPU = Release|Any CPU
	EndGlobalSection
	GlobalSection(ProjectConfigurationPlatforms) = postSolution
		{7351EC4E-2151-4BD4-B60C-9FE0EF3B4027}.Debug|Any CPU.ActiveCfg = Debug|Any CPU
		{7351EC4E-2151-4BD4-B60C-9FE0EF3B4027}.Debug|Any CPU.Build.0 = Debug|Any CPU
		{7351EC4E-2151-4BD4-B60C-9FE0EF3B4027}.Release|Any CPU.ActiveCfg = Release|Any CPU
		{7351EC4E-2151-4BD4-B60C-9FE0EF3B4027}.Release|Any CPU.Build.0 = Release|Any CPU
	EndGlobalSection
	GlobalSection(SolutionProperties) = preSolution
		HideSolutionNode = FALSE
	EndGlobalSection
	GlobalSection(ExtensibilityGlobals) = postSolution
		SolutionGuid = {CDE3830B-9B0C-4264-B5B6-379BF729FBDA}
	EndGlobalSection
EndGlobal
