
Microsoft Visual Studio Solution File, Format Version 12.00
# Visual Studio Version 17
VisualStudioVersion = 17.1.32319.34
MinimumVisualStudioVersion = 10.0.40219.1
Project("{FAE04EC0-301F-11D3-BF4B-00C04F79EFBC}") = "TPLaba8", "TPLaba8.csproj", "{10130864-524A-4CD6-A228-113D9F148959}"
EndProject
Global
	GlobalSection(SolutionConfigurationPlatforms) = preSolution
		Debug|Any CPU = Debug|Any CPU
		Release|Any CPU = Release|Any CPU
	EndGlobalSection
	GlobalSection(ProjectConfigurationPlatforms) = postSolution
		{10130864-524A-4CD6-A228-113D9F148959}.Debug|Any CPU.ActiveCfg = Debug|Any CPU
		{10130864-524A-4CD6-A228-113D9F148959}.Debug|Any CPU.Build.0 = Debug|Any CPU
		{10130864-524A-4CD6-A228-113D9F148959}.Release|Any CPU.ActiveCfg = Release|Any CPU
		{10130864-524A-4CD6-A228-113D9F148959}.Release|Any CPU.Build.0 = Release|Any CPU
	EndGlobalSection
	GlobalSection(SolutionProperties) = preSolution
		HideSolutionNode = FALSE
	EndGlobalSection
	GlobalSection(ExtensibilityGlobals) = postSolution
		SolutionGuid = {F8E3772E-F07F-45A7-A474-FE1D0F473FB3}
	EndGlobalSection
EndGlobal
