
Microsoft Visual Studio Solution File, Format Version 12.00
# Visual Studio Version 17
VisualStudioVersion = 17.0.32126.317
MinimumVisualStudioVersion = 10.0.40219.1
Project("{FAE04EC0-301F-11D3-BF4B-00C04F79EFBC}") = "TPLaba3", "TPLaba3.csproj", "{97259A13-4777-4601-B8EA-DF6FAC4E4948}"
EndProject
Global
	GlobalSection(SolutionConfigurationPlatforms) = preSolution
		Debug|Any CPU = Debug|Any CPU
		Release|Any CPU = Release|Any CPU
	EndGlobalSection
	GlobalSection(ProjectConfigurationPlatforms) = postSolution
		{97259A13-4777-4601-B8EA-DF6FAC4E4948}.Debug|Any CPU.ActiveCfg = Debug|Any CPU
		{97259A13-4777-4601-B8EA-DF6FAC4E4948}.Debug|Any CPU.Build.0 = Debug|Any CPU
		{97259A13-4777-4601-B8EA-DF6FAC4E4948}.Release|Any CPU.ActiveCfg = Release|Any CPU
		{97259A13-4777-4601-B8EA-DF6FAC4E4948}.Release|Any CPU.Build.0 = Release|Any CPU
	EndGlobalSection
	GlobalSection(SolutionProperties) = preSolution
		HideSolutionNode = FALSE
	EndGlobalSection
	GlobalSection(ExtensibilityGlobals) = postSolution
		SolutionGuid = {63FF4803-9B6C-4566-84F7-E185A0C1F17B}
	EndGlobalSection
EndGlobal
